
Microsoft Visual Studio Solution File, Format Version 12.00
# Visual Studio Version 16
VisualStudioVersion = 25.0.1705.2
MinimumVisualStudioVersion = 10.0.40219.1
Project("{FAE04EC0-301F-11D3-BF4B-00C04F79EFBC}") = "Mission14_haylowry", "Mission14_haylowry.csproj", "{567569FA-520F-4FC7-B6F6-D81FBD991A70}"
EndProject
Global
	GlobalSection(SolutionConfigurationPlatforms) = preSolution
		Debug|Any CPU = Debug|Any CPU
		Release|Any CPU = Release|Any CPU
	EndGlobalSection
	GlobalSection(ProjectConfigurationPlatforms) = postSolution
		{567569FA-520F-4FC7-B6F6-D81FBD991A70}.Debug|Any CPU.ActiveCfg = Debug|Any CPU
		{567569FA-520F-4FC7-B6F6-D81FBD991A70}.Debug|Any CPU.Build.0 = Debug|Any CPU
		{567569FA-520F-4FC7-B6F6-D81FBD991A70}.Release|Any CPU.ActiveCfg = Release|Any CPU
		{567569FA-520F-4FC7-B6F6-D81FBD991A70}.Release|Any CPU.Build.0 = Release|Any CPU
	EndGlobalSection
	GlobalSection(SolutionProperties) = preSolution
		HideSolutionNode = FALSE
	EndGlobalSection
	GlobalSection(ExtensibilityGlobals) = postSolution
		SolutionGuid = {9CF1774A-0B4B-4B88-84D8-C6825DF683B4}
	EndGlobalSection
EndGlobal
